
Microsoft Visual Studio Solution File, Format Version 12.00
# Visual Studio Version 16
VisualStudioVersion = 16.0.30503.244
MinimumVisualStudioVersion = 10.0.40219.1
Project("{9A19103F-16F7-4668-BE54-9A1E7A4F7556}") = "OpenMod.WebServer", "OpenMod.WebServer\OpenMod.WebServer.csproj", "{E8CDC33B-F083-454F-85DF-B806EA599071}"
EndProject
Project("{9A19103F-16F7-4668-BE54-9A1E7A4F7556}") = "OpenMod.Dashboard", "OpenMod.Dashboard\OpenMod.Dashboard.csproj", "{8A05ABD4-0C27-4249-9D15-A56F534DF1BB}"
EndProject
Global
	GlobalSection(SolutionConfigurationPlatforms) = preSolution
		Debug|Any CPU = Debug|Any CPU
		Release|Any CPU = Release|Any CPU
	EndGlobalSection
	GlobalSection(ProjectConfigurationPlatforms) = postSolution
		{E8CDC33B-F083-454F-85DF-B806EA599071}.Debug|Any CPU.ActiveCfg = Debug|Any CPU
		{E8CDC33B-F083-454F-85DF-B806EA599071}.Debug|Any CPU.Build.0 = Debug|Any CPU
		{E8CDC33B-F083-454F-85DF-B806EA599071}.Release|Any CPU.ActiveCfg = Release|Any CPU
		{E8CDC33B-F083-454F-85DF-B806EA599071}.Release|Any CPU.Build.0 = Release|Any CPU
		{8A05ABD4-0C27-4249-9D15-A56F534DF1BB}.Debug|Any CPU.ActiveCfg = Debug|Any CPU
		{8A05ABD4-0C27-4249-9D15-A56F534DF1BB}.Debug|Any CPU.Build.0 = Debug|Any CPU
		{8A05ABD4-0C27-4249-9D15-A56F534DF1BB}.Release|Any CPU.ActiveCfg = Release|Any CPU
		{8A05ABD4-0C27-4249-9D15-A56F534DF1BB}.Release|Any CPU.Build.0 = Release|Any CPU
	EndGlobalSection
	GlobalSection(SolutionProperties) = preSolution
		HideSolutionNode = FALSE
	EndGlobalSection
	GlobalSection(ExtensibilityGlobals) = postSolution
		SolutionGuid = {56FB4C1B-4C0B-4963-9ED4-BDD9EF31F7BA}
	EndGlobalSection
EndGlobal
